// !$*UTF8*$!
{
	archiveVersion = 1;
	classes = {
	};
	objectVersion = 51;
	objects = {

/* Begin PBXBuildFile section */
		0413242723815A67002A40DA /* AppDelegate.swift in Sources */ = {isa = PBXBuildFile; fileRef = 0413242623815A67002A40DA /* AppDelegate.swift */; };
		0413242923815A67002A40DA /* TagsViewController.swift in Sources */ = {isa = PBXBuildFile; fileRef = 0413242823815A67002A40DA /* TagsViewController.swift */; };
		0413242C23815A67002A40DA /* Main.storyboard in Resources */ = {isa = PBXBuildFile; fileRef = 0413242A23815A67002A40DA /* Main.storyboard */; };
		0413242E23815A6C002A40DA /* Assets.xcassets in Resources */ = {isa = PBXBuildFile; fileRef = 0413242D23815A6C002A40DA /* Assets.xcassets */; };
		0413243123815A6C002A40DA /* LaunchScreen.storyboard in Resources */ = {isa = PBXBuildFile; fileRef = 0413242F23815A6C002A40DA /* LaunchScreen.storyboard */; };
		0413243C23815A6D002A40DA /* FaceDetectionTests.swift in Sources */ = {isa = PBXBuildFile; fileRef = 0413243B23815A6D002A40DA /* FaceDetectionTests.swift */; };
		0413244723815A6D002A40DA /* FaceDetectionUITests.swift in Sources */ = {isa = PBXBuildFile; fileRef = 0413244623815A6D002A40DA /* FaceDetectionUITests.swift */; };
		0413245923816BF7002A40DA /* FaceDetection.swift in Sources */ = {isa = PBXBuildFile; fileRef = 0413245823816BF7002A40DA /* FaceDetection.swift */; };
		0413245B23816CB6002A40DA /* FaceOutput.swift in Sources */ = {isa = PBXBuildFile; fileRef = 0413245A23816CB6002A40DA /* FaceOutput.swift */; };
		0413245D23816CD2002A40DA /* FaceOutputData.swift in Sources */ = {isa = PBXBuildFile; fileRef = 0413245C23816CD2002A40DA /* FaceOutputData.swift */; };
		0413245F23816D8E002A40DA /* FaceRegionData.swift in Sources */ = {isa = PBXBuildFile; fileRef = 0413245E23816D8E002A40DA /* FaceRegionData.swift */; };
		041324652381732F002A40DA /* Alamofire.framework in Frameworks */ = {isa = PBXBuildFile; fileRef = 041324642381732F002A40DA /* Alamofire.framework */; };
		0419DF2D238606C0000A0BB8 /* MainTabBarViewController.swift in Sources */ = {isa = PBXBuildFile; fileRef = 0419DF2C238606C0000A0BB8 /* MainTabBarViewController.swift */; };
		04FCC8F82381861B008FB1DD /* APIRouter.swift in Sources */ = {isa = PBXBuildFile; fileRef = 04FCC8F72381861B008FB1DD /* APIRouter.swift */; };
		04FCC8FA23818648008FB1DD /* Constants.swift in Sources */ = {isa = PBXBuildFile; fileRef = 04FCC8F923818648008FB1DD /* Constants.swift */; };
		04FCC8FC23818A13008FB1DD /* FaceDetectorService.swift in Sources */ = {isa = PBXBuildFile; fileRef = 04FCC8FB23818A13008FB1DD /* FaceDetectorService.swift */; };
		04FCC8FE23818C4A008FB1DD /* APIManager.swift in Sources */ = {isa = PBXBuildFile; fileRef = 04FCC8FD23818C4A008FB1DD /* APIManager.swift */; };
		04FCC90023830B49008FB1DD /* FaceInput.swift in Sources */ = {isa = PBXBuildFile; fileRef = 04FCC8FF23830B49008FB1DD /* FaceInput.swift */; };
		04FCC90323831138008FB1DD /* FaceDetectorViewModel.swift in Sources */ = {isa = PBXBuildFile; fileRef = 04FCC90223831138008FB1DD /* FaceDetectorViewModel.swift */; };
		04FCC906238316B6008FB1DD /* BusyLoader.swift in Sources */ = {isa = PBXBuildFile; fileRef = 04FCC905238316B6008FB1DD /* BusyLoader.swift */; };
		04FCC908238462C1008FB1DD /* FaceCropViewModel.swift in Sources */ = {isa = PBXBuildFile; fileRef = 04FCC907238462C1008FB1DD /* FaceCropViewModel.swift */; };
		04FCC90A23846DEF008FB1DD /* Tag.swift in Sources */ = {isa = PBXBuildFile; fileRef = 04FCC90923846DEF008FB1DD /* Tag.swift */; };
		04FCC9112385BAA9008FB1DD /* FaceSaveViewModel.swift in Sources */ = {isa = PBXBuildFile; fileRef = 04FCC9102385BAA9008FB1DD /* FaceSaveViewModel.swift */; };
		04FCC9132385BBB4008FB1DD /* Pictures.swift in Sources */ = {isa = PBXBuildFile; fileRef = 04FCC9122385BBB4008FB1DD /* Pictures.swift */; };
		04FCC9162385EBFD008FB1DD /* FacesTableViewCell.swift in Sources */ = {isa = PBXBuildFile; fileRef = 04FCC9152385EBFD008FB1DD /* FacesTableViewCell.swift */; };
		04FCC9182385ED3C008FB1DD /* FacesViewController.swift in Sources */ = {isa = PBXBuildFile; fileRef = 04FCC9172385ED3C008FB1DD /* FacesViewController.swift */; };
		5A05A1F5D3DD7A058CB25386 /* Pods_FaceDetectionUITests.framework in Frameworks */ = {isa = PBXBuildFile; fileRef = B8D4895C658ACBFA2E83FE6D /* Pods_FaceDetectionUITests.framework */; };
		6B6AFC383D0C35046AF7D303 /* Pods_FaceDetection.framework in Frameworks */ = {isa = PBXBuildFile; fileRef = CE62DCA03CCBBFD1E1C1C17B /* Pods_FaceDetection.framework */; };
		C039235EFF4C3A1C583104FD /* Pods_FaceDetectionTests.framework in Frameworks */ = {isa = PBXBuildFile; fileRef = 47D88E6F07127B4A2FC702A8 /* Pods_FaceDetectionTests.framework */; };
		D82E438B23866CDC00136EA9 /* CameraViewController.swift in Sources */ = {isa = PBXBuildFile; fileRef = D82E438A23866CDC00136EA9 /* CameraViewController.swift */; };
		D8B27A3D2386F7F400655761 /* Assets.xcassets in Resources */ = {isa = PBXBuildFile; fileRef = 0413242D23815A6C002A40DA /* Assets.xcassets */; };
/* End PBXBuildFile section */

/* Begin PBXContainerItemProxy section */
		0413243823815A6C002A40DA /* PBXContainerItemProxy */ = {
			isa = PBXContainerItemProxy;
			containerPortal = 0413241B23815A67002A40DA /* Project object */;
			proxyType = 1;
			remoteGlobalIDString = 0413242223815A67002A40DA;
			remoteInfo = FaceDetection;
		};
		0413244323815A6D002A40DA /* PBXContainerItemProxy */ = {
			isa = PBXContainerItemProxy;
			containerPortal = 0413241B23815A67002A40DA /* Project object */;
			proxyType = 1;
			remoteGlobalIDString = 0413242223815A67002A40DA;
			remoteInfo = FaceDetection;
		};
/* End PBXContainerItemProxy section */

/* Begin PBXFileReference section */
		0413242323815A67002A40DA /* FaceDetection.app */ = {isa = PBXFileReference; explicitFileType = wrapper.application; includeInIndex = 0; path = FaceDetection.app; sourceTree = BUILT_PRODUCTS_DIR; };
		0413242623815A67002A40DA /* AppDelegate.swift */ = {isa = PBXFileReference; lastKnownFileType = sourcecode.swift; path = AppDelegate.swift; sourceTree = "<group>"; };
		0413242823815A67002A40DA /* TagsViewController.swift */ = {isa = PBXFileReference; lastKnownFileType = sourcecode.swift; path = TagsViewController.swift; sourceTree = "<group>"; };
		0413242B23815A67002A40DA /* Base */ = {isa = PBXFileReference; lastKnownFileType = file.storyboard; name = Base; path = Base.lproj/Main.storyboard; sourceTree = "<group>"; };
		0413242D23815A6C002A40DA /* Assets.xcassets */ = {isa = PBXFileReference; lastKnownFileType = folder.assetcatalog; path = Assets.xcassets; sourceTree = "<group>"; };
		0413243023815A6C002A40DA /* Base */ = {isa = PBXFileReference; lastKnownFileType = file.storyboard; name = Base; path = Base.lproj/LaunchScreen.storyboard; sourceTree = "<group>"; };
		0413243223815A6C002A40DA /* Info.plist */ = {isa = PBXFileReference; lastKnownFileType = text.plist.xml; path = Info.plist; sourceTree = "<group>"; };
		0413243723815A6C002A40DA /* FaceDetectionTests.xctest */ = {isa = PBXFileReference; explicitFileType = wrapper.cfbundle; includeInIndex = 0; path = FaceDetectionTests.xctest; sourceTree = BUILT_PRODUCTS_DIR; };
		0413243B23815A6D002A40DA /* FaceDetectionTests.swift */ = {isa = PBXFileReference; lastKnownFileType = sourcecode.swift; path = FaceDetectionTests.swift; sourceTree = "<group>"; };
		0413243D23815A6D002A40DA /* Info.plist */ = {isa = PBXFileReference; lastKnownFileType = text.plist.xml; path = Info.plist; sourceTree = "<group>"; };
		0413244223815A6D002A40DA /* FaceDetectionUITests.xctest */ = {isa = PBXFileReference; explicitFileType = wrapper.cfbundle; includeInIndex = 0; path = FaceDetectionUITests.xctest; sourceTree = BUILT_PRODUCTS_DIR; };
		0413244623815A6D002A40DA /* FaceDetectionUITests.swift */ = {isa = PBXFileReference; lastKnownFileType = sourcecode.swift; path = FaceDetectionUITests.swift; sourceTree = "<group>"; };
		0413244823815A6D002A40DA /* Info.plist */ = {isa = PBXFileReference; lastKnownFileType = text.plist.xml; path = Info.plist; sourceTree = "<group>"; };
		0413245823816BF7002A40DA /* FaceDetection.swift */ = {isa = PBXFileReference; lastKnownFileType = sourcecode.swift; path = FaceDetection.swift; sourceTree = "<group>"; };
		0413245A23816CB6002A40DA /* FaceOutput.swift */ = {isa = PBXFileReference; lastKnownFileType = sourcecode.swift; path = FaceOutput.swift; sourceTree = "<group>"; };
		0413245C23816CD2002A40DA /* FaceOutputData.swift */ = {isa = PBXFileReference; lastKnownFileType = sourcecode.swift; path = FaceOutputData.swift; sourceTree = "<group>"; };
		0413245E23816D8E002A40DA /* FaceRegionData.swift */ = {isa = PBXFileReference; lastKnownFileType = sourcecode.swift; path = FaceRegionData.swift; sourceTree = "<group>"; };
		04132462238171F4002A40DA /* Alamofire.framework */ = {isa = PBXFileReference; explicitFileType = wrapper.framework; path = Alamofire.framework; sourceTree = BUILT_PRODUCTS_DIR; };
		041324642381732F002A40DA /* Alamofire.framework */ = {isa = PBXFileReference; explicitFileType = wrapper.framework; path = Alamofire.framework; sourceTree = BUILT_PRODUCTS_DIR; };
		0419DF2C238606C0000A0BB8 /* MainTabBarViewController.swift */ = {isa = PBXFileReference; lastKnownFileType = sourcecode.swift; path = MainTabBarViewController.swift; sourceTree = "<group>"; };
		04770068A9B040F978B7D650 /* Pods-FaceDetectionUITests.release.xcconfig */ = {isa = PBXFileReference; includeInIndex = 1; lastKnownFileType = text.xcconfig; name = "Pods-FaceDetectionUITests.release.xcconfig"; path = "Pods/Target Support Files/Pods-FaceDetectionUITests/Pods-FaceDetectionUITests.release.xcconfig"; sourceTree = "<group>"; };
		04FCC8F72381861B008FB1DD /* APIRouter.swift */ = {isa = PBXFileReference; lastKnownFileType = sourcecode.swift; path = APIRouter.swift; sourceTree = "<group>"; };
		04FCC8F923818648008FB1DD /* Constants.swift */ = {isa = PBXFileReference; lastKnownFileType = sourcecode.swift; path = Constants.swift; sourceTree = "<group>"; };
		04FCC8FB23818A13008FB1DD /* FaceDetectorService.swift */ = {isa = PBXFileReference; lastKnownFileType = sourcecode.swift; path = FaceDetectorService.swift; sourceTree = "<group>"; };
		04FCC8FD23818C4A008FB1DD /* APIManager.swift */ = {isa = PBXFileReference; lastKnownFileType = sourcecode.swift; path = APIManager.swift; sourceTree = "<group>"; };
		04FCC8FF23830B49008FB1DD /* FaceInput.swift */ = {isa = PBXFileReference; lastKnownFileType = sourcecode.swift; path = FaceInput.swift; sourceTree = "<group>"; };
		04FCC90223831138008FB1DD /* FaceDetectorViewModel.swift */ = {isa = PBXFileReference; lastKnownFileType = sourcecode.swift; path = FaceDetectorViewModel.swift; sourceTree = "<group>"; };
		04FCC905238316B6008FB1DD /* BusyLoader.swift */ = {isa = PBXFileReference; lastKnownFileType = sourcecode.swift; path = BusyLoader.swift; sourceTree = "<group>"; };
		04FCC907238462C1008FB1DD /* FaceCropViewModel.swift */ = {isa = PBXFileReference; lastKnownFileType = sourcecode.swift; path = FaceCropViewModel.swift; sourceTree = "<group>"; };
		04FCC90923846DEF008FB1DD /* Tag.swift */ = {isa = PBXFileReference; lastKnownFileType = sourcecode.swift; path = Tag.swift; sourceTree = "<group>"; };
		04FCC9102385BAA9008FB1DD /* FaceSaveViewModel.swift */ = {isa = PBXFileReference; lastKnownFileType = sourcecode.swift; path = FaceSaveViewModel.swift; sourceTree = "<group>"; };
		04FCC9122385BBB4008FB1DD /* Pictures.swift */ = {isa = PBXFileReference; lastKnownFileType = sourcecode.swift; path = Pictures.swift; sourceTree = "<group>"; };
		04FCC9152385EBFD008FB1DD /* FacesTableViewCell.swift */ = {isa = PBXFileReference; lastKnownFileType = sourcecode.swift; path = FacesTableViewCell.swift; sourceTree = "<group>"; };
		04FCC9172385ED3C008FB1DD /* FacesViewController.swift */ = {isa = PBXFileReference; lastKnownFileType = sourcecode.swift; path = FacesViewController.swift; sourceTree = "<group>"; };
		19DCABEFC45999E7BFC5FAF5 /* Pods-FaceDetection.release.xcconfig */ = {isa = PBXFileReference; includeInIndex = 1; lastKnownFileType = text.xcconfig; name = "Pods-FaceDetection.release.xcconfig"; path = "Pods/Target Support Files/Pods-FaceDetection/Pods-FaceDetection.release.xcconfig"; sourceTree = "<group>"; };
		23D5C47937AAD06CC4A3CC4F /* Pods-FaceDetectionTests.debug.xcconfig */ = {isa = PBXFileReference; includeInIndex = 1; lastKnownFileType = text.xcconfig; name = "Pods-FaceDetectionTests.debug.xcconfig"; path = "Pods/Target Support Files/Pods-FaceDetectionTests/Pods-FaceDetectionTests.debug.xcconfig"; sourceTree = "<group>"; };
		45FBCE0A69E7B32B70393F94 /* Pods-FaceDetectionTests.release.xcconfig */ = {isa = PBXFileReference; includeInIndex = 1; lastKnownFileType = text.xcconfig; name = "Pods-FaceDetectionTests.release.xcconfig"; path = "Pods/Target Support Files/Pods-FaceDetectionTests/Pods-FaceDetectionTests.release.xcconfig"; sourceTree = "<group>"; };
		47D88E6F07127B4A2FC702A8 /* Pods_FaceDetectionTests.framework */ = {isa = PBXFileReference; explicitFileType = wrapper.framework; includeInIndex = 0; path = Pods_FaceDetectionTests.framework; sourceTree = BUILT_PRODUCTS_DIR; };
		8A96AC37E5AF01E075448F25 /* Pods-FaceDetectionUITests.debug.xcconfig */ = {isa = PBXFileReference; includeInIndex = 1; lastKnownFileType = text.xcconfig; name = "Pods-FaceDetectionUITests.debug.xcconfig"; path = "Pods/Target Support Files/Pods-FaceDetectionUITests/Pods-FaceDetectionUITests.debug.xcconfig"; sourceTree = "<group>"; };
		B8D4895C658ACBFA2E83FE6D /* Pods_FaceDetectionUITests.framework */ = {isa = PBXFileReference; explicitFileType = wrapper.framework; includeInIndex = 0; path = Pods_FaceDetectionUITests.framework; sourceTree = BUILT_PRODUCTS_DIR; };
		CE62DCA03CCBBFD1E1C1C17B /* Pods_FaceDetection.framework */ = {isa = PBXFileReference; explicitFileType = wrapper.framework; includeInIndex = 0; path = Pods_FaceDetection.framework; sourceTree = BUILT_PRODUCTS_DIR; };
		D82E438A23866CDC00136EA9 /* CameraViewController.swift */ = {isa = PBXFileReference; lastKnownFileType = sourcecode.swift; path = CameraViewController.swift; sourceTree = "<group>"; };
		DB275ECAC5D214F51959D4FD /* Pods-FaceDetection.debug.xcconfig */ = {isa = PBXFileReference; includeInIndex = 1; lastKnownFileType = text.xcconfig; name = "Pods-FaceDetection.debug.xcconfig"; path = "Pods/Target Support Files/Pods-FaceDetection/Pods-FaceDetection.debug.xcconfig"; sourceTree = "<group>"; };
/* End PBXFileReference section */

/* Begin PBXFrameworksBuildPhase section */
		0413242023815A67002A40DA /* Frameworks */ = {
			isa = PBXFrameworksBuildPhase;
			buildActionMask = 2147483647;
			files = (
				041324652381732F002A40DA /* Alamofire.framework in Frameworks */,
				6B6AFC383D0C35046AF7D303 /* Pods_FaceDetection.framework in Frameworks */,
			);
			runOnlyForDeploymentPostprocessing = 0;
		};
		0413243423815A6C002A40DA /* Frameworks */ = {
			isa = PBXFrameworksBuildPhase;
			buildActionMask = 2147483647;
			files = (
				C039235EFF4C3A1C583104FD /* Pods_FaceDetectionTests.framework in Frameworks */,
			);
			runOnlyForDeploymentPostprocessing = 0;
		};
		0413243F23815A6D002A40DA /* Frameworks */ = {
			isa = PBXFrameworksBuildPhase;
			buildActionMask = 2147483647;
			files = (
				5A05A1F5D3DD7A058CB25386 /* Pods_FaceDetectionUITests.framework in Frameworks */,
			);
			runOnlyForDeploymentPostprocessing = 0;
		};
/* End PBXFrameworksBuildPhase section */

/* Begin PBXGroup section */
		0413241A23815A67002A40DA = {
			isa = PBXGroup;
			children = (
				0413242523815A67002A40DA /* FaceDetection */,
				0413243A23815A6C002A40DA /* FaceDetectionTests */,
				0413244523815A6D002A40DA /* FaceDetectionUITests */,
				0413242423815A67002A40DA /* Products */,
				837B4F42A84BB8D3240062F5 /* Pods */,
				4E452370A263E4CC7F74DE19 /* Frameworks */,
			);
			sourceTree = "<group>";
		};
		0413242423815A67002A40DA /* Products */ = {
			isa = PBXGroup;
			children = (
				0413242323815A67002A40DA /* FaceDetection.app */,
				0413243723815A6C002A40DA /* FaceDetectionTests.xctest */,
				0413244223815A6D002A40DA /* FaceDetectionUITests.xctest */,
			);
			name = Products;
			sourceTree = "<group>";
		};
		0413242523815A67002A40DA /* FaceDetection */ = {
			isa = PBXGroup;
			children = (
				04FCC90D2385B759008FB1DD /* Assets */,
				04FCC90C2385B74F008FB1DD /* Views */,
				04FCC90B2385B739008FB1DD /* ViewControllers */,
				04FCC904238316A6008FB1DD /* Utilities */,
				04FCC90123831117008FB1DD /* ViewModels */,
				0413245723816BE1002A40DA /* Models */,
				041324542381619A002A40DA /* Services */,
				0413242623815A67002A40DA /* AppDelegate.swift */,
				0413243223815A6C002A40DA /* Info.plist */,
			);
			path = FaceDetection;
			sourceTree = "<group>";
		};
		0413243A23815A6C002A40DA /* FaceDetectionTests */ = {
			isa = PBXGroup;
			children = (
				0413243B23815A6D002A40DA /* FaceDetectionTests.swift */,
				0413243D23815A6D002A40DA /* Info.plist */,
			);
			path = FaceDetectionTests;
			sourceTree = "<group>";
		};
		0413244523815A6D002A40DA /* FaceDetectionUITests */ = {
			isa = PBXGroup;
			children = (
				0413244623815A6D002A40DA /* FaceDetectionUITests.swift */,
				0413244823815A6D002A40DA /* Info.plist */,
			);
			path = FaceDetectionUITests;
			sourceTree = "<group>";
		};
		041324542381619A002A40DA /* Services */ = {
			isa = PBXGroup;
			children = (
				04FCC8F72381861B008FB1DD /* APIRouter.swift */,
				04FCC8FB23818A13008FB1DD /* FaceDetectorService.swift */,
				04FCC8FD23818C4A008FB1DD /* APIManager.swift */,
			);
			path = Services;
			sourceTree = "<group>";
		};
		0413245723816BE1002A40DA /* Models */ = {
			isa = PBXGroup;
			children = (
				0413245823816BF7002A40DA /* FaceDetection.swift */,
				0413245A23816CB6002A40DA /* FaceOutput.swift */,
				0413245C23816CD2002A40DA /* FaceOutputData.swift */,
				0413245E23816D8E002A40DA /* FaceRegionData.swift */,
				04FCC8FF23830B49008FB1DD /* FaceInput.swift */,
				04FCC90923846DEF008FB1DD /* Tag.swift */,
				04FCC9122385BBB4008FB1DD /* Pictures.swift */,
			);
			path = Models;
			sourceTree = "<group>";
		};
		04FCC90123831117008FB1DD /* ViewModels */ = {
			isa = PBXGroup;
			children = (
				04FCC90223831138008FB1DD /* FaceDetectorViewModel.swift */,
				04FCC907238462C1008FB1DD /* FaceCropViewModel.swift */,
				04FCC9102385BAA9008FB1DD /* FaceSaveViewModel.swift */,
			);
			path = ViewModels;
			sourceTree = "<group>";
		};
		04FCC904238316A6008FB1DD /* Utilities */ = {
			isa = PBXGroup;
			children = (
				04FCC8F923818648008FB1DD /* Constants.swift */,
				04FCC905238316B6008FB1DD /* BusyLoader.swift */,
			);
			path = Utilities;
			sourceTree = "<group>";
		};
		04FCC90B2385B739008FB1DD /* ViewControllers */ = {
			isa = PBXGroup;
			children = (
				0413242823815A67002A40DA /* TagsViewController.swift */,
				04FCC9172385ED3C008FB1DD /* FacesViewController.swift */,
				0419DF2C238606C0000A0BB8 /* MainTabBarViewController.swift */,
				D82E438A23866CDC00136EA9 /* CameraViewController.swift */,
			);
			path = ViewControllers;
			sourceTree = "<group>";
		};
		04FCC90C2385B74F008FB1DD /* Views */ = {
			isa = PBXGroup;
			children = (
				04FCC9142385EBDD008FB1DD /* Cells */,
				0413242F23815A6C002A40DA /* LaunchScreen.storyboard */,
				0413242A23815A67002A40DA /* Main.storyboard */,
			);
			path = Views;
			sourceTree = "<group>";
		};
		04FCC90D2385B759008FB1DD /* Assets */ = {
			isa = PBXGroup;
			children = (
				0413242D23815A6C002A40DA /* Assets.xcassets */,
			);
			path = Assets;
			sourceTree = "<group>";
		};
		04FCC9142385EBDD008FB1DD /* Cells */ = {
			isa = PBXGroup;
			children = (
				04FCC9152385EBFD008FB1DD /* FacesTableViewCell.swift */,
			);
			path = Cells;
			sourceTree = "<group>";
		};
		4E452370A263E4CC7F74DE19 /* Frameworks */ = {
			isa = PBXGroup;
			children = (
				041324642381732F002A40DA /* Alamofire.framework */,
				04132462238171F4002A40DA /* Alamofire.framework */,
				CE62DCA03CCBBFD1E1C1C17B /* Pods_FaceDetection.framework */,
				47D88E6F07127B4A2FC702A8 /* Pods_FaceDetectionTests.framework */,
				B8D4895C658ACBFA2E83FE6D /* Pods_FaceDetectionUITests.framework */,
			);
			name = Frameworks;
			sourceTree = "<group>";
		};
		837B4F42A84BB8D3240062F5 /* Pods */ = {
			isa = PBXGroup;
			children = (
				DB275ECAC5D214F51959D4FD /* Pods-FaceDetection.debug.xcconfig */,
				19DCABEFC45999E7BFC5FAF5 /* Pods-FaceDetection.release.xcconfig */,
				23D5C47937AAD06CC4A3CC4F /* Pods-FaceDetectionTests.debug.xcconfig */,
				45FBCE0A69E7B32B70393F94 /* Pods-FaceDetectionTests.release.xcconfig */,
				8A96AC37E5AF01E075448F25 /* Pods-FaceDetectionUITests.debug.xcconfig */,
				04770068A9B040F978B7D650 /* Pods-FaceDetectionUITests.release.xcconfig */,
			);
			name = Pods;
			sourceTree = "<group>";
		};
/* End PBXGroup section */

/* Begin PBXNativeTarget section */
		0413242223815A67002A40DA /* FaceDetection */ = {
			isa = PBXNativeTarget;
			buildConfigurationList = 0413244B23815A6D002A40DA /* Build configuration list for PBXNativeTarget "FaceDetection" */;
			buildPhases = (
				C91957B76783BDA13DF9CA81 /* [CP] Check Pods Manifest.lock */,
				0413241F23815A67002A40DA /* Sources */,
				0413242023815A67002A40DA /* Frameworks */,
				0413242123815A67002A40DA /* Resources */,
				1FE4A74499588C3F534954E1 /* [CP] Embed Pods Frameworks */,
			);
			buildRules = (
			);
			dependencies = (
			);
			name = FaceDetection;
			productName = FaceDetection;
			productReference = 0413242323815A67002A40DA /* FaceDetection.app */;
			productType = "com.apple.product-type.application";
		};
		0413243623815A6C002A40DA /* FaceDetectionTests */ = {
			isa = PBXNativeTarget;
			buildConfigurationList = 0413244E23815A6D002A40DA /* Build configuration list for PBXNativeTarget "FaceDetectionTests" */;
			buildPhases = (
				9C6F46557B2FDAAA050C0A3C /* [CP] Check Pods Manifest.lock */,
				0413243323815A6C002A40DA /* Sources */,
				0413243423815A6C002A40DA /* Frameworks */,
				0413243523815A6C002A40DA /* Resources */,
			);
			buildRules = (
			);
			dependencies = (
				0413243923815A6C002A40DA /* PBXTargetDependency */,
			);
			name = FaceDetectionTests;
			productName = FaceDetectionTests;
			productReference = 0413243723815A6C002A40DA /* FaceDetectionTests.xctest */;
			productType = "com.apple.product-type.bundle.unit-test";
		};
		0413244123815A6D002A40DA /* FaceDetectionUITests */ = {
			isa = PBXNativeTarget;
			buildConfigurationList = 0413245123815A6D002A40DA /* Build configuration list for PBXNativeTarget "FaceDetectionUITests" */;
			buildPhases = (
				0E8F7BD3EFB6F94863EDCABA /* [CP] Check Pods Manifest.lock */,
				0413243E23815A6D002A40DA /* Sources */,
				0413243F23815A6D002A40DA /* Frameworks */,
				0413244023815A6D002A40DA /* Resources */,
			);
			buildRules = (
			);
			dependencies = (
				0413244423815A6D002A40DA /* PBXTargetDependency */,
			);
			name = FaceDetectionUITests;
			productName = FaceDetectionUITests;
			productReference = 0413244223815A6D002A40DA /* FaceDetectionUITests.xctest */;
			productType = "com.apple.product-type.bundle.ui-testing";
		};
/* End PBXNativeTarget section */

/* Begin PBXProject section */
		0413241B23815A67002A40DA /* Project object */ = {
			isa = PBXProject;
			attributes = {
				LastSwiftUpdateCheck = 1010;
				LastUpgradeCheck = 1010;
				ORGANIZATIONNAME = "Hesham Ali";
				TargetAttributes = {
					0413242223815A67002A40DA = {
						CreatedOnToolsVersion = 10.1;
					};
					0413243623815A6C002A40DA = {
						CreatedOnToolsVersion = 10.1;
						TestTargetID = 0413242223815A67002A40DA;
					};
					0413244123815A6D002A40DA = {
						CreatedOnToolsVersion = 10.1;
						TestTargetID = 0413242223815A67002A40DA;
					};
				};
			};
			buildConfigurationList = 0413241E23815A67002A40DA /* Build configuration list for PBXProject "FaceDetection" */;
			compatibilityVersion = "Xcode 9.3";
			developmentRegion = en;
			hasScannedForEncodings = 0;
			knownRegions = (
				en,
				Base,
			);
			mainGroup = 0413241A23815A67002A40DA;
			productRefGroup = 0413242423815A67002A40DA /* Products */;
			projectDirPath = "";
			projectRoot = "";
			targets = (
				0413242223815A67002A40DA /* FaceDetection */,
				0413243623815A6C002A40DA /* FaceDetectionTests */,
				0413244123815A6D002A40DA /* FaceDetectionUITests */,
			);
		};
/* End PBXProject section */

/* Begin PBXResourcesBuildPhase section */
		0413242123815A67002A40DA /* Resources */ = {
			isa = PBXResourcesBuildPhase;
			buildActionMask = 2147483647;
			files = (
				0413243123815A6C002A40DA /* LaunchScreen.storyboard in Resources */,
				0413242E23815A6C002A40DA /* Assets.xcassets in Resources */,
				0413242C23815A67002A40DA /* Main.storyboard in Resources */,
			);
			runOnlyForDeploymentPostprocessing = 0;
		};
		0413243523815A6C002A40DA /* Resources */ = {
			isa = PBXResourcesBuildPhase;
			buildActionMask = 2147483647;
			files = (
				D8B27A3D2386F7F400655761 /* Assets.xcassets in Resources */,
			);
			runOnlyForDeploymentPostprocessing = 0;
		};
		0413244023815A6D002A40DA /* Resources */ = {
			isa = PBXResourcesBuildPhase;
			buildActionMask = 2147483647;
			files = (
			);
			runOnlyForDeploymentPostprocessing = 0;
		};
/* End PBXResourcesBuildPhase section */

/* Begin PBXShellScriptBuildPhase section */
		0E8F7BD3EFB6F94863EDCABA /* [CP] Check Pods Manifest.lock */ = {
			isa = PBXShellScriptBuildPhase;
			buildActionMask = 2147483647;
			files = (
			);
			inputPaths = (
				"${PODS_PODFILE_DIR_PATH}/Podfile.lock",
				"${PODS_ROOT}/Manifest.lock",
			);
			name = "[CP] Check Pods Manifest.lock";
			outputPaths = (
				"$(DERIVED_FILE_DIR)/Pods-FaceDetectionUITests-checkManifestLockResult.txt",
			);
			runOnlyForDeploymentPostprocessing = 0;
			shellPath = /bin/sh;
			shellScript = "diff \"${PODS_PODFILE_DIR_PATH}/Podfile.lock\" \"${PODS_ROOT}/Manifest.lock\" > /dev/null\nif [ $? != 0 ] ; then\n    # print error to STDERR\n    echo \"error: The sandbox is not in sync with the Podfile.lock. Run 'pod install' or update your CocoaPods installation.\" >&2\n    exit 1\nfi\n# This output is used by Xcode 'outputs' to avoid re-running this script phase.\necho \"SUCCESS\" > \"${SCRIPT_OUTPUT_FILE_0}\"\n";
			showEnvVarsInLog = 0;
		};
		1FE4A74499588C3F534954E1 /* [CP] Embed Pods Frameworks */ = {
			isa = PBXShellScriptBuildPhase;
			buildActionMask = 2147483647;
			files = (
			);
			inputFileListPaths = (
				"${PODS_ROOT}/Target Support Files/Pods-FaceDetection/Pods-FaceDetection-frameworks-${CONFIGURATION}-input-files.xcfilelist",
			);
			name = "[CP] Embed Pods Frameworks";
			outputFileListPaths = (
				"${PODS_ROOT}/Target Support Files/Pods-FaceDetection/Pods-FaceDetection-frameworks-${CONFIGURATION}-output-files.xcfilelist",
			);
			runOnlyForDeploymentPostprocessing = 0;
			shellPath = /bin/sh;
			shellScript = "\"${PODS_ROOT}/Target Support Files/Pods-FaceDetection/Pods-FaceDetection-frameworks.sh\"\n";
			showEnvVarsInLog = 0;
		};
		9C6F46557B2FDAAA050C0A3C /* [CP] Check Pods Manifest.lock */ = {
			isa = PBXShellScriptBuildPhase;
			buildActionMask = 2147483647;
			files = (
			);
			inputPaths = (
				"${PODS_PODFILE_DIR_PATH}/Podfile.lock",
				"${PODS_ROOT}/Manifest.lock",
			);
			name = "[CP] Check Pods Manifest.lock";
			outputPaths = (
				"$(DERIVED_FILE_DIR)/Pods-FaceDetectionTests-checkManifestLockResult.txt",
			);
			runOnlyForDeploymentPostprocessing = 0;
			shellPath = /bin/sh;
			shellScript = "diff \"${PODS_PODFILE_DIR_PATH}/Podfile.lock\" \"${PODS_ROOT}/Manifest.lock\" > /dev/null\nif [ $? != 0 ] ; then\n    # print error to STDERR\n    echo \"error: The sandbox is not in sync with the Podfile.lock. Run 'pod install' or update your CocoaPods installation.\" >&2\n    exit 1\nfi\n# This output is used by Xcode 'outputs' to avoid re-running this script phase.\necho \"SUCCESS\" > \"${SCRIPT_OUTPUT_FILE_0}\"\n";
			showEnvVarsInLog = 0;
		};
		C91957B76783BDA13DF9CA81 /* [CP] Check Pods Manifest.lock */ = {
			isa = PBXShellScriptBuildPhase;
			buildActionMask = 2147483647;
			files = (
			);
			inputPaths = (
				"${PODS_PODFILE_DIR_PATH}/Podfile.lock",
				"${PODS_ROOT}/Manifest.lock",
			);
			name = "[CP] Check Pods Manifest.lock";
			outputPaths = (
				"$(DERIVED_FILE_DIR)/Pods-FaceDetection-checkManifestLockResult.txt",
			);
			runOnlyForDeploymentPostprocessing = 0;
			shellPath = /bin/sh;
			shellScript = "diff \"${PODS_PODFILE_DIR_PATH}/Podfile.lock\" \"${PODS_ROOT}/Manifest.lock\" > /dev/null\nif [ $? != 0 ] ; then\n    # print error to STDERR\n    echo \"error: The sandbox is not in sync with the Podfile.lock. Run 'pod install' or update your CocoaPods installation.\" >&2\n    exit 1\nfi\n# This output is used by Xcode 'outputs' to avoid re-running this script phase.\necho \"SUCCESS\" > \"${SCRIPT_OUTPUT_FILE_0}\"\n";
			showEnvVarsInLog = 0;
		};
/* End PBXShellScriptBuildPhase section */

/* Begin PBXSourcesBuildPhase section */
		0413241F23815A67002A40DA /* Sources */ = {
			isa = PBXSourcesBuildPhase;
			buildActionMask = 2147483647;
			files = (
				04FCC9132385BBB4008FB1DD /* Pictures.swift in Sources */,
				04FCC9112385BAA9008FB1DD /* FaceSaveViewModel.swift in Sources */,
				0419DF2D238606C0000A0BB8 /* MainTabBarViewController.swift in Sources */,
				04FCC8F82381861B008FB1DD /* APIRouter.swift in Sources */,
				0413245923816BF7002A40DA /* FaceDetection.swift in Sources */,
				04FCC906238316B6008FB1DD /* BusyLoader.swift in Sources */,
				04FCC9162385EBFD008FB1DD /* FacesTableViewCell.swift in Sources */,
				04FCC908238462C1008FB1DD /* FaceCropViewModel.swift in Sources */,
				04FCC8FE23818C4A008FB1DD /* APIManager.swift in Sources */,
				04FCC90323831138008FB1DD /* FaceDetectorViewModel.swift in Sources */,
				D82E438B23866CDC00136EA9 /* CameraViewController.swift in Sources */,
				04FCC90A23846DEF008FB1DD /* Tag.swift in Sources */,
				0413245D23816CD2002A40DA /* FaceOutputData.swift in Sources */,
				04FCC90023830B49008FB1DD /* FaceInput.swift in Sources */,
				0413245B23816CB6002A40DA /* FaceOutput.swift in Sources */,
				04FCC8FA23818648008FB1DD /* Constants.swift in Sources */,
				04FCC8FC23818A13008FB1DD /* FaceDetectorService.swift in Sources */,
				0413242923815A67002A40DA /* TagsViewController.swift in Sources */,
				04FCC9182385ED3C008FB1DD /* FacesViewController.swift in Sources */,
				0413245F23816D8E002A40DA /* FaceRegionData.swift in Sources */,
				0413242723815A67002A40DA /* AppDelegate.swift in Sources */,
			);
			runOnlyForDeploymentPostprocessing = 0;
		};
		0413243323815A6C002A40DA /* Sources */ = {
			isa = PBXSourcesBuildPhase;
			buildActionMask = 2147483647;
			files = (
				0413243C23815A6D002A40DA /* FaceDetectionTests.swift in Sources */,
			);
			runOnlyForDeploymentPostprocessing = 0;
		};
		0413243E23815A6D002A40DA /* Sources */ = {
			isa = PBXSourcesBuildPhase;
			buildActionMask = 2147483647;
			files = (
				0413244723815A6D002A40DA /* FaceDetectionUITests.swift in Sources */,
			);
			runOnlyForDeploymentPostprocessing = 0;
		};
/* End PBXSourcesBuildPhase section */

/* Begin PBXTargetDependency section */
		0413243923815A6C002A40DA /* PBXTargetDependency */ = {
			isa = PBXTargetDependency;
			target = 0413242223815A67002A40DA /* FaceDetection */;
			targetProxy = 0413243823815A6C002A40DA /* PBXContainerItemProxy */;
		};
		0413244423815A6D002A40DA /* PBXTargetDependency */ = {
			isa = PBXTargetDependency;
			target = 0413242223815A67002A40DA /* FaceDetection */;
			targetProxy = 0413244323815A6D002A40DA /* PBXContainerItemProxy */;
		};
/* End PBXTargetDependency section */

/* Begin PBXVariantGroup section */
		0413242A23815A67002A40DA /* Main.storyboard */ = {
			isa = PBXVariantGroup;
			children = (
				0413242B23815A67002A40DA /* Base */,
			);
			name = Main.storyboard;
			sourceTree = "<group>";
		};
		0413242F23815A6C002A40DA /* LaunchScreen.storyboard */ = {
			isa = PBXVariantGroup;
			children = (
				0413243023815A6C002A40DA /* Base */,
			);
			name = LaunchScreen.storyboard;
			sourceTree = "<group>";
		};
/* End PBXVariantGroup section */

/* Begin XCBuildConfiguration section */
		0413244923815A6D002A40DA /* Debug */ = {
			isa = XCBuildConfiguration;
			buildSettings = {
				ALWAYS_SEARCH_USER_PATHS = NO;
				CLANG_ANALYZER_NONNULL = YES;
				CLANG_ANALYZER_NUMBER_OBJECT_CONVERSION = YES_AGGRESSIVE;
				CLANG_CXX_LANGUAGE_STANDARD = "gnu++14";
				CLANG_CXX_LIBRARY = "libc++";
				CLANG_ENABLE_MODULES = YES;
				CLANG_ENABLE_OBJC_ARC = YES;
				CLANG_ENABLE_OBJC_WEAK = YES;
				CLANG_WARN_BLOCK_CAPTURE_AUTORELEASING = YES;
				CLANG_WARN_BOOL_CONVERSION = YES;
				CLANG_WARN_COMMA = YES;
				CLANG_WARN_CONSTANT_CONVERSION = YES;
				CLANG_WARN_DEPRECATED_OBJC_IMPLEMENTATIONS = YES;
				CLANG_WARN_DIRECT_OBJC_ISA_USAGE = YES_ERROR;
				CLANG_WARN_DOCUMENTATION_COMMENTS = YES;
				CLANG_WARN_EMPTY_BODY = YES;
				CLANG_WARN_ENUM_CONVERSION = YES;
				CLANG_WARN_INFINITE_RECURSION = YES;
				CLANG_WARN_INT_CONVERSION = YES;
				CLANG_WARN_NON_LITERAL_NULL_CONVERSION = YES;
				CLANG_WARN_OBJC_IMPLICIT_RETAIN_SELF = YES;
				CLANG_WARN_OBJC_LITERAL_CONVERSION = YES;
				CLANG_WARN_OBJC_ROOT_CLASS = YES_ERROR;
				CLANG_WARN_RANGE_LOOP_ANALYSIS = YES;
				CLANG_WARN_STRICT_PROTOTYPES = YES;
				CLANG_WARN_SUSPICIOUS_MOVE = YES;
				CLANG_WARN_UNGUARDED_AVAILABILITY = YES_AGGRESSIVE;
				CLANG_WARN_UNREACHABLE_CODE = YES;
				CLANG_WARN__DUPLICATE_METHOD_MATCH = YES;
				CODE_SIGN_IDENTITY = "iPhone Developer";
				COPY_PHASE_STRIP = NO;
				DEBUG_INFORMATION_FORMAT = dwarf;
				ENABLE_STRICT_OBJC_MSGSEND = YES;
				ENABLE_TESTABILITY = YES;
				GCC_C_LANGUAGE_STANDARD = gnu11;
				GCC_DYNAMIC_NO_PIC = NO;
				GCC_NO_COMMON_BLOCKS = YES;
				GCC_OPTIMIZATION_LEVEL = 0;
				GCC_PREPROCESSOR_DEFINITIONS = (
					"DEBUG=1",
					"$(inherited)",
				);
				GCC_WARN_64_TO_32_BIT_CONVERSION = YES;
				GCC_WARN_ABOUT_RETURN_TYPE = YES_ERROR;
				GCC_WARN_UNDECLARED_SELECTOR = YES;
				GCC_WARN_UNINITIALIZED_AUTOS = YES_AGGRESSIVE;
				GCC_WARN_UNUSED_FUNCTION = YES;
				GCC_WARN_UNUSED_VARIABLE = YES;
				IPHONEOS_DEPLOYMENT_TARGET = 12.1;
				MTL_ENABLE_DEBUG_INFO = INCLUDE_SOURCE;
				MTL_FAST_MATH = YES;
				ONLY_ACTIVE_ARCH = YES;
				SDKROOT = iphoneos;
				SWIFT_ACTIVE_COMPILATION_CONDITIONS = DEBUG;
				SWIFT_OPTIMIZATION_LEVEL = "-Onone";
			};
			name = Debug;
		};
		0413244A23815A6D002A40DA /* Release */ = {
			isa = XCBuildConfiguration;
			buildSettings = {
				ALWAYS_SEARCH_USER_PATHS = NO;
				CLANG_ANALYZER_NONNULL = YES;
				CLANG_ANALYZER_NUMBER_OBJECT_CONVERSION = YES_AGGRESSIVE;
				CLANG_CXX_LANGUAGE_STANDARD = "gnu++14";
				CLANG_CXX_LIBRARY = "libc++";
				CLANG_ENABLE_MODULES = YES;
				CLANG_ENABLE_OBJC_ARC = YES;
				CLANG_ENABLE_OBJC_WEAK = YES;
				CLANG_WARN_BLOCK_CAPTURE_AUTORELEASING = YES;
				CLANG_WARN_BOOL_CONVERSION = YES;
				CLANG_WARN_COMMA = YES;
				CLANG_WARN_CONSTANT_CONVERSION = YES;
				CLANG_WARN_DEPRECATED_OBJC_IMPLEMENTATIONS = YES;
				CLANG_WARN_DIRECT_OBJC_ISA_USAGE = YES_ERROR;
				CLANG_WARN_DOCUMENTATION_COMMENTS = YES;
				CLANG_WARN_EMPTY_BODY = YES;
				CLANG_WARN_ENUM_CONVERSION = YES;
				CLANG_WARN_INFINITE_RECURSION = YES;
				CLANG_WARN_INT_CONVERSION = YES;
				CLANG_WARN_NON_LITERAL_NULL_CONVERSION = YES;
				CLANG_WARN_OBJC_IMPLICIT_RETAIN_SELF = YES;
				CLANG_WARN_OBJC_LITERAL_CONVERSION = YES;
				CLANG_WARN_OBJC_ROOT_CLASS = YES_ERROR;
				CLANG_WARN_RANGE_LOOP_ANALYSIS = YES;
				CLANG_WARN_STRICT_PROTOTYPES = YES;
				CLANG_WARN_SUSPICIOUS_MOVE = YES;
				CLANG_WARN_UNGUARDED_AVAILABILITY = YES_AGGRESSIVE;
				CLANG_WARN_UNREACHABLE_CODE = YES;
				CLANG_WARN__DUPLICATE_METHOD_MATCH = YES;
				CODE_SIGN_IDENTITY = "iPhone Developer";
				COPY_PHASE_STRIP = NO;
				DEBUG_INFORMATION_FORMAT = "dwarf-with-dsym";
				ENABLE_NS_ASSERTIONS = NO;
				ENABLE_STRICT_OBJC_MSGSEND = YES;
				GCC_C_LANGUAGE_STANDARD = gnu11;
				GCC_NO_COMMON_BLOCKS = YES;
				GCC_WARN_64_TO_32_BIT_CONVERSION = YES;
				GCC_WARN_ABOUT_RETURN_TYPE = YES_ERROR;
				GCC_WARN_UNDECLARED_SELECTOR = YES;
				GCC_WARN_UNINITIALIZED_AUTOS = YES_AGGRESSIVE;
				GCC_WARN_UNUSED_FUNCTION = YES;
				GCC_WARN_UNUSED_VARIABLE = YES;
				IPHONEOS_DEPLOYMENT_TARGET = 12.1;
				MTL_ENABLE_DEBUG_INFO = NO;
				MTL_FAST_MATH = YES;
				SDKROOT = iphoneos;
				SWIFT_COMPILATION_MODE = wholemodule;
				SWIFT_OPTIMIZATION_LEVEL = "-O";
				VALIDATE_PRODUCT = YES;
			};
			name = Release;
		};
		0413244C23815A6D002A40DA /* Debug */ = {
			isa = XCBuildConfiguration;
			baseConfigurationReference = DB275ECAC5D214F51959D4FD /* Pods-FaceDetection.debug.xcconfig */;
			buildSettings = {
				ASSETCATALOG_COMPILER_APPICON_NAME = AppIcon;
				CODE_SIGN_STYLE = Automatic;
				DEVELOPMENT_TEAM = HQSUH8EU7X;
				INFOPLIST_FILE = FaceDetection/Info.plist;
				LD_RUNPATH_SEARCH_PATHS = (
					"$(inherited)",
					"@executable_path/Frameworks",
				);
				PRODUCT_BUNDLE_IDENTIFIER = com.raye7.FaceDetection;
				PRODUCT_NAME = "$(TARGET_NAME)";
				SWIFT_VERSION = 4.2;
				TARGETED_DEVICE_FAMILY = "1,2";
			};
			name = Debug;
		};
		0413244D23815A6D002A40DA /* Release */ = {
			isa = XCBuildConfiguration;
			baseConfigurationReference = 19DCABEFC45999E7BFC5FAF5 /* Pods-FaceDetection.release.xcconfig */;
			buildSettings = {
				ASSETCATALOG_COMPILER_APPICON_NAME = AppIcon;
				CODE_SIGN_STYLE = Automatic;
				DEVELOPMENT_TEAM = HQSUH8EU7X;
				INFOPLIST_FILE = FaceDetection/Info.plist;
				LD_RUNPATH_SEARCH_PATHS = (
					"$(inherited)",
					"@executable_path/Frameworks",
				);
				PRODUCT_BUNDLE_IDENTIFIER = com.raye7.FaceDetection;
				PRODUCT_NAME = "$(TARGET_NAME)";
				SWIFT_VERSION = 4.2;
				TARGETED_DEVICE_FAMILY = "1,2";
			};
			name = Release;
		};
		0413244F23815A6D002A40DA /* Debug */ = {
			isa = XCBuildConfiguration;
			baseConfigurationReference = 23D5C47937AAD06CC4A3CC4F /* Pods-FaceDetectionTests.debug.xcconfig */;
			buildSettings = {
				ALWAYS_EMBED_SWIFT_STANDARD_LIBRARIES = YES;
				BUNDLE_LOADER = "$(TEST_HOST)";
				CODE_SIGN_STYLE = Automatic;
				DEVELOPMENT_TEAM = ZTKDN6CBZT;
				INFOPLIST_FILE = FaceDetectionTests/Info.plist;
				LD_RUNPATH_SEARCH_PATHS = (
					"$(inherited)",
					"@executable_path/Frameworks",
					"@loader_path/Frameworks",
				);
				PRODUCT_BUNDLE_IDENTIFIER = com.raye7.FaceDetectionTests;
				PRODUCT_NAME = "$(TARGET_NAME)";
				SWIFT_VERSION = 4.2;
				TARGETED_DEVICE_FAMILY = "1,2";
				TEST_HOST = "$(BUILT_PRODUCTS_DIR)/FaceDetection.app/FaceDetection";
			};
			name = Debug;
		};
		0413245023815A6D002A40DA /* Release */ = {
			isa = XCBuildConfiguration;
			baseConfigurationReference = 45FBCE0A69E7B32B70393F94 /* Pods-FaceDetectionTests.release.xcconfig */;
			buildSettings = {
				ALWAYS_EMBED_SWIFT_STANDARD_LIBRARIES = YES;
				BUNDLE_LOADER = "$(TEST_HOST)";
				CODE_SIGN_STYLE = Automatic;
				DEVELOPMENT_TEAM = ZTKDN6CBZT;
				INFOPLIST_FILE = FaceDetectionTests/Info.plist;
				LD_RUNPATH_SEARCH_PATHS = (
					"$(inherited)",
					"@executable_path/Frameworks",
					"@loader_path/Frameworks",
				);
				PRODUCT_BUNDLE_IDENTIFIER = com.raye7.FaceDetectionTests;
				PRODUCT_NAME = "$(TARGET_NAME)";
				SWIFT_VERSION = 4.2;
				TARGETED_DEVICE_FAMILY = "1,2";
				TEST_HOST = "$(BUILT_PRODUCTS_DIR)/FaceDetection.app/FaceDetection";
			};
			name = Release;
		};
		0413245223815A6D002A40DA /* Debug */ = {
			isa = XCBuildConfiguration;
			baseConfigurationReference = 8A96AC37E5AF01E075448F25 /* Pods-FaceDetectionUITests.debug.xcconfig */;
			buildSettings = {
				ALWAYS_EMBED_SWIFT_STANDARD_LIBRARIES = YES;
				CODE_SIGN_STYLE = Automatic;
				DEVELOPMENT_TEAM = ZTKDN6CBZT;
				INFOPLIST_FILE = FaceDetectionUITests/Info.plist;
				LD_RUNPATH_SEARCH_PATHS = (
					"$(inherited)",
					"@executable_path/Frameworks",
					"@loader_path/Frameworks",
				);
				PRODUCT_BUNDLE_IDENTIFIER = com.raye7.FaceDetectionUITests;
				PRODUCT_NAME = "$(TARGET_NAME)";
				SWIFT_VERSION = 4.2;
				TARGETED_DEVICE_FAMILY = "1,2";
				TEST_TARGET_NAME = FaceDetection;
			};
			name = Debug;
		};
		0413245323815A6D002A40DA /* Release */ = {
			isa = XCBuildConfiguration;
			baseConfigurationReference = 04770068A9B040F978B7D650 /* Pods-FaceDetectionUITests.release.xcconfig */;
			buildSettings = {
				ALWAYS_EMBED_SWIFT_STANDARD_LIBRARIES = YES;
				CODE_SIGN_STYLE = Automatic;
				DEVELOPMENT_TEAM = ZTKDN6CBZT;
				INFOPLIST_FILE = FaceDetectionUITests/Info.plist;
				LD_RUNPATH_SEARCH_PATHS = (
					"$(inherited)",
					"@executable_path/Frameworks",
					"@loader_path/Frameworks",
				);
				PRODUCT_BUNDLE_IDENTIFIER = com.raye7.FaceDetectionUITests;
				PRODUCT_NAME = "$(TARGET_NAME)";
				SWIFT_VERSION = 4.2;
				TARGETED_DEVICE_FAMILY = "1,2";
				TEST_TARGET_NAME = FaceDetection;
			};
			name = Release;
		};
/* End XCBuildConfiguration section */

/* Begin XCConfigurationList section */
		0413241E23815A67002A40DA /* Build configuration list for PBXProject "FaceDetection" */ = {
			isa = XCConfigurationList;
			buildConfigurations = (
				0413244923815A6D002A40DA /* Debug */,
				0413244A23815A6D002A40DA /* Release */,
			);
			defaultConfigurationIsVisible = 0;
			defaultConfigurationName = Release;
		};
		0413244B23815A6D002A40DA /* Build configuration list for PBXNativeTarget "FaceDetection" */ = {
			isa = XCConfigurationList;
			buildConfigurations = (
				0413244C23815A6D002A40DA /* Debug */,
				0413244D23815A6D002A40DA /* Release */,
			);
			defaultConfigurationIsVisible = 0;
			defaultConfigurationName = Release;
		};
		0413244E23815A6D002A40DA /* Build configuration list for PBXNativeTarget "FaceDetectionTests" */ = {
			isa = XCConfigurationList;
			buildConfigurations = (
				0413244F23815A6D002A40DA /* Debug */,
				0413245023815A6D002A40DA /* Release */,
			);
			defaultConfigurationIsVisible = 0;
			defaultConfigurationName = Release;
		};
		0413245123815A6D002A40DA /* Build configuration list for PBXNativeTarget "FaceDetectionUITests" */ = {
			isa = XCConfigurationList;
			buildConfigurations = (
				0413245223815A6D002A40DA /* Debug */,
				0413245323815A6D002A40DA /* Release */,
			);
			defaultConfigurationIsVisible = 0;
			defaultConfigurationName = Release;
		};
/* End XCConfigurationList section */
	};
	rootObject = 0413241B23815A67002A40DA /* Project object */;
}
